{
  "name": "assessment-tapes",
  "version": "1.0.0",
  "lockfileVersion": 3,
  "requires": true,
  "packages": {
    "": {
      "name": "assessment-tapes",
      "version": "1.0.0",
      "license": "ISC",
      "dependencies": {
        "swup": "^4.8.3"
      }
    },
    "node_modules/delegate-it": {
      "version": "6.3.0",
      "resolved": "https://registry.npmjs.org/delegate-it/-/delegate-it-6.3.0.tgz",
      "integrity": "sha512-WAa6cA61M5mfDR31PBgMNQQ3LY1q++TxnZzcm7E9XV8ODBPxDutxH0toTR/BXqIkLaVuU7ntFe1uOqDllhA22A==",
      "license": "MIT",
      "dependencies": {
        "typed-query-selector": "^2.11.2"
      },
      "funding": {
        "url": "https://github.com/sponsors/fregante"
      }
    },
    "node_modules/opencollective-postinstall": {
      "version": "2.0.3",
      "resolved": "https://registry.npmjs.org/opencollective-postinstall/-/opencollective-postinstall-2.0.3.tgz",
      "integrity": "sha512-8AV/sCtuzUeTo8gQK5qDZzARrulB3egtLzFgteqB2tcT4Mw7B8Kt7JcDHmltjz6FOAHsvTevk70gZEbhM4ZS9Q==",
      "license": "MIT",
      "bin": {
        "opencollective-postinstall": "index.js"
      }
    },
    "node_modules/path-to-regexp": {
      "version": "6.3.0",
      "resolved": "https://registry.npmjs.org/path-to-regexp/-/path-to-regexp-6.3.0.tgz",
      "integrity": "sha512-Yhpw4T9C6hPpgPeA28us07OJeqZ5EzQTkbfwuhsUg0c237RomFoETJgmp2sa3F/41gfLE6G5cqcYwznmeEeOlQ==",
      "license": "MIT"
    },
    "node_modules/swup": {
      "version": "4.8.3",
      "resolved": "https://registry.npmjs.org/swup/-/swup-4.8.3.tgz",
      "integrity": "sha512-2U+mE7SnU4Jm+H82C2FChML04v5kb+fnf+2aYP2e0MX7vWOnmd6SHvjSBF8MH3HOrwalaXnynQVImgCaxGZxtA==",
      "license": "MIT",
      "dependencies": {
        "delegate-it": "^6.0.0",
        "opencollective-postinstall": "^2.0.2",
        "path-to-regexp": "^6.2.1"
      }
    },
    "node_modules/typed-query-selector": {
      "version": "2.12.1",
      "resolved": "https://registry.npmjs.org/typed-query-selector/-/typed-query-selector-2.12.1.tgz",
      "integrity": "sha512-uzR+FzI8qrUEIu96oaeBJmd9E7CFEiQ3goA5qCVgc4s5llSubcfGHq9yUstZx/k4s9dXHVKsE35YWoFyvEqEHA==",
      "license": "MIT"
    }
  }
}
